
Microsoft Visual Studio Solution File, Format Version 12.00
# Visual Studio 15
VisualStudioVersion = 15.0.25123.0
MinimumVisualStudioVersion = 10.0.40219.1
Project("{FAE04EC0-301F-11D3-BF4B-00C04F79EFBC}") = "LojaVirtual.Dominio", "LojaVirtual.Dominio\LojaVirtual.Dominio.csproj", "{AB3F72CD-803B-437F-96A0-E1C14AFA0B9F}"
EndProject
Project("{FAE04EC0-301F-11D3-BF4B-00C04F79EFBC}") = "LojaVirtual.Web", "LojaVirtual.Web\LojaVirtual.Web.csproj", "{5C432728-9FEE-458D-9E2B-81C0471BA4FF}"
EndProject
Project("{FAE04EC0-301F-11D3-BF4B-00C04F79EFBC}") = "LojaVirtual.UnitTest", "LojaVirtual.UnitTest\LojaVirtual.UnitTest.csproj", "{B7B371EF-5BA6-4070-9EC2-DCF16CD74543}"
EndProject
Global
	GlobalSection(SolutionConfigurationPlatforms) = preSolution
		Debug|Any CPU = Debug|Any CPU
		Release|Any CPU = Release|Any CPU
	EndGlobalSection
	GlobalSection(ProjectConfigurationPlatforms) = postSolution
		{AB3F72CD-803B-437F-96A0-E1C14AFA0B9F}.Debug|Any CPU.ActiveCfg = Debug|Any CPU
		{AB3F72CD-803B-437F-96A0-E1C14AFA0B9F}.Debug|Any CPU.Build.0 = Debug|Any CPU
		{AB3F72CD-803B-437F-96A0-E1C14AFA0B9F}.Release|Any CPU.ActiveCfg = Release|Any CPU
		{AB3F72CD-803B-437F-96A0-E1C14AFA0B9F}.Release|Any CPU.Build.0 = Release|Any CPU
		{5C432728-9FEE-458D-9E2B-81C0471BA4FF}.Debug|Any CPU.ActiveCfg = Debug|Any CPU
		{5C432728-9FEE-458D-9E2B-81C0471BA4FF}.Debug|Any CPU.Build.0 = Debug|Any CPU
		{5C432728-9FEE-458D-9E2B-81C0471BA4FF}.Release|Any CPU.ActiveCfg = Release|Any CPU
		{5C432728-9FEE-458D-9E2B-81C0471BA4FF}.Release|Any CPU.Build.0 = Release|Any CPU
		{B7B371EF-5BA6-4070-9EC2-DCF16CD74543}.Debug|Any CPU.ActiveCfg = Debug|Any CPU
		{B7B371EF-5BA6-4070-9EC2-DCF16CD74543}.Debug|Any CPU.Build.0 = Debug|Any CPU
		{B7B371EF-5BA6-4070-9EC2-DCF16CD74543}.Release|Any CPU.ActiveCfg = Release|Any CPU
		{B7B371EF-5BA6-4070-9EC2-DCF16CD74543}.Release|Any CPU.Build.0 = Release|Any CPU
	EndGlobalSection
	GlobalSection(SolutionProperties) = preSolution
		HideSolutionNode = FALSE
	EndGlobalSection
EndGlobal
